
Microsoft Visual Studio Solution File, Format Version 12.00
# Visual Studio Version 16
VisualStudioVersion = 16.0.32407.337
MinimumVisualStudioVersion = 10.0.40219.1
Project("{FAE04EC0-301F-11D3-BF4B-00C04F79EFBC}") = "ruaplv2", "ruaplv2\ruaplv2.csproj", "{6F91E2F7-B7A0-448A-831B-3C3DEDE2CF1A}"
EndProject
Global
	GlobalSection(SolutionConfigurationPlatforms) = preSolution
		Debug|Any CPU = Debug|Any CPU
		Release|Any CPU = Release|Any CPU
	EndGlobalSection
	GlobalSection(ProjectConfigurationPlatforms) = postSolution
		{6F91E2F7-B7A0-448A-831B-3C3DEDE2CF1A}.Debug|Any CPU.ActiveCfg = Debug|Any CPU
		{6F91E2F7-B7A0-448A-831B-3C3DEDE2CF1A}.Debug|Any CPU.Build.0 = Debug|Any CPU
		{6F91E2F7-B7A0-448A-831B-3C3DEDE2CF1A}.Release|Any CPU.ActiveCfg = Release|Any CPU
		{6F91E2F7-B7A0-448A-831B-3C3DEDE2CF1A}.Release|Any CPU.Build.0 = Release|Any CPU
	EndGlobalSection
	GlobalSection(SolutionProperties) = preSolution
		HideSolutionNode = FALSE
	EndGlobalSection
	GlobalSection(ExtensibilityGlobals) = postSolution
		SolutionGuid = {16942D07-B75E-42E1-8D8E-582EE4F94766}
	EndGlobalSection
EndGlobal
